// !$*UTF8*$!
{
	archiveVersion = 1;
	classes = {
	};
	objectVersion = 46;
	objects = {

/* Begin PBXBuildFile section */
		6835A2CE1F07FE4100832B8A /* AppDelegate.swift in Sources */ = {isa = PBXBuildFile; fileRef = 6835A2CD1F07FE4100832B8A /* AppDelegate.swift */; };
		6835A2D71F07FE4100832B8A /* Assets.xcassets in Resources */ = {isa = PBXBuildFile; fileRef = 6835A2D61F07FE4100832B8A /* Assets.xcassets */; };
		6835A2DA1F07FE4100832B8A /* LaunchScreen.storyboard in Resources */ = {isa = PBXBuildFile; fileRef = 6835A2D81F07FE4100832B8A /* LaunchScreen.storyboard */; };
		6835A2E41F08082300832B8A /* TabBarSubclass.storyboard in Resources */ = {isa = PBXBuildFile; fileRef = 6835A2E31F08082300832B8A /* TabBarSubclass.storyboard */; };
		6835A2E61F08082900832B8A /* TabBarSample.swift in Sources */ = {isa = PBXBuildFile; fileRef = 6835A2E51F08082900832B8A /* TabBarSample.swift */; };
/* End PBXBuildFile section */

/* Begin PBXFileReference section */
		6835A2CA1F07FE4100832B8A /* SWTabBarSubclass.app */ = {isa = PBXFileReference; explicitFileType = wrapper.application; includeInIndex = 0; path = SWTabBarSubclass.app; sourceTree = BUILT_PRODUCTS_DIR; };
		6835A2CD1F07FE4100832B8A /* AppDelegate.swift */ = {isa = PBXFileReference; lastKnownFileType = sourcecode.swift; path = AppDelegate.swift; sourceTree = "<group>"; };
		6835A2D61F07FE4100832B8A /* Assets.xcassets */ = {isa = PBXFileReference; lastKnownFileType = folder.assetcatalog; path = Assets.xcassets; sourceTree = "<group>"; };
		6835A2D91F07FE4100832B8A /* Base */ = {isa = PBXFileReference; lastKnownFileType = file.storyboard; name = Base; path = Base.lproj/LaunchScreen.storyboard; sourceTree = "<group>"; };
		6835A2DB1F07FE4100832B8A /* Info.plist */ = {isa = PBXFileReference; lastKnownFileType = text.plist.xml; path = Info.plist; sourceTree = "<group>"; };
		6835A2E31F08082300832B8A /* TabBarSubclass.storyboard */ = {isa = PBXFileReference; fileEncoding = 4; lastKnownFileType = file.storyboard; path = TabBarSubclass.storyboard; sourceTree = "<group>"; };
		6835A2E51F08082900832B8A /* TabBarSample.swift */ = {isa = PBXFileReference; fileEncoding = 4; lastKnownFileType = sourcecode.swift; path = TabBarSample.swift; sourceTree = "<group>"; };
/* End PBXFileReference section */

/* Begin PBXFrameworksBuildPhase section */
		6835A2C71F07FE4100832B8A /* Frameworks */ = {
			isa = PBXFrameworksBuildPhase;
			buildActionMask = 2147483647;
			files = (
			);
			runOnlyForDeploymentPostprocessing = 0;
		};
/* End PBXFrameworksBuildPhase section */

/* Begin PBXGroup section */
		6835A2C11F07FE4100832B8A = {
			isa = PBXGroup;
			children = (
				6835A2CC1F07FE4100832B8A /* SWTabBarSubclass */,
				6835A2CB1F07FE4100832B8A /* Products */,
			);
			sourceTree = "<group>";
		};
		6835A2CB1F07FE4100832B8A /* Products */ = {
			isa = PBXGroup;
			children = (
				6835A2CA1F07FE4100832B8A /* SWTabBarSubclass.app */,
			);
			name = Products;
			sourceTree = "<group>";
		};
		6835A2CC1F07FE4100832B8A /* SWTabBarSubclass */ = {
			isa = PBXGroup;
			children = (
				6835A2CD1F07FE4100832B8A /* AppDelegate.swift */,
				6835A2D61F07FE4100832B8A /* Assets.xcassets */,
				6835A2D81F07FE4100832B8A /* LaunchScreen.storyboard */,
				6835A2DB1F07FE4100832B8A /* Info.plist */,
				6835A2E31F08082300832B8A /* TabBarSubclass.storyboard */,
				6835A2E51F08082900832B8A /* TabBarSample.swift */,
			);
			path = SWTabBarSubclass;
			sourceTree = "<group>";
		};
/* End PBXGroup section */

/* Begin PBXNativeTarget section */
		6835A2C91F07FE4100832B8A /* SWTabBarSubclass */ = {
			isa = PBXNativeTarget;
			buildConfigurationList = 6835A2DE1F07FE4100832B8A /* Build configuration list for PBXNativeTarget "SWTabBarSubclass" */;
			buildPhases = (
				6835A2C61F07FE4100832B8A /* Sources */,
				6835A2C71F07FE4100832B8A /* Frameworks */,
				6835A2C81F07FE4100832B8A /* Resources */,
			);
			buildRules = (
			);
			dependencies = (
			);
			name = SWTabBarSubclass;
			productName = SWTabBarSubclass;
			productReference = 6835A2CA1F07FE4100832B8A /* SWTabBarSubclass.app */;
			productType = "com.apple.product-type.application";
		};
/* End PBXNativeTarget section */

/* Begin PBXProject section */
		6835A2C21F07FE4100832B8A /* Project object */ = {
			isa = PBXProject;
			attributes = {
				LastSwiftUpdateCheck = 0830;
				LastUpgradeCheck = 0830;
				ORGANIZATIONNAME = DonMag;
				TargetAttributes = {
					6835A2C91F07FE4100832B8A = {
						CreatedOnToolsVersion = 8.3.2;
						ProvisioningStyle = Automatic;
					};
				};
			};
			buildConfigurationList = 6835A2C51F07FE4100832B8A /* Build configuration list for PBXProject "SWTabBarSubclass" */;
			compatibilityVersion = "Xcode 3.2";
			developmentRegion = English;
			hasScannedForEncodings = 0;
			knownRegions = (
				en,
				Base,
			);
			mainGroup = 6835A2C11F07FE4100832B8A;
			productRefGroup = 6835A2CB1F07FE4100832B8A /* Products */;
			projectDirPath = "";
			projectRoot = "";
			targets = (
				6835A2C91F07FE4100832B8A /* SWTabBarSubclass */,
			);
		};
/* End PBXProject section */

/* Begin PBXResourcesBuildPhase section */
		6835A2C81F07FE4100832B8A /* Resources */ = {
			isa = PBXResourcesBuildPhase;
			buildActionMask = 2147483647;
			files = (
				6835A2E41F08082300832B8A /* TabBarSubclass.storyboard in Resources */,
				6835A2DA1F07FE4100832B8A /* LaunchScreen.storyboard in Resources */,
				6835A2D71F07FE4100832B8A /* Assets.xcassets in Resources */,
			);
			runOnlyForDeploymentPostprocessing = 0;
		};
/* End PBXResourcesBuildPhase section */

/* Begin PBXSourcesBuildPhase section */
		6835A2C61F07FE4100832B8A /* Sources */ = {
			isa = PBXSourcesBuildPhase;
			buildActionMask = 2147483647;
			files = (
				6835A2CE1F07FE4100832B8A /* AppDelegate.swift in Sources */,
				6835A2E61F08082900832B8A /* TabBarSample.swift in Sources */,
			);
			runOnlyForDeploymentPostprocessing = 0;
		};
/* End PBXSourcesBuildPhase section */

/* Begin PBXVariantGroup section */
		6835A2D81F07FE4100832B8A /* LaunchScreen.storyboard */ = {
			isa = PBXVariantGroup;
			children = (
				6835A2D91F07FE4100832B8A /* Base */,
			);
			name = LaunchScreen.storyboard;
			sourceTree = "<group>";
		};
/* End PBXVariantGroup section */

/* Begin XCBuildConfiguration section */
		6835A2DC1F07FE4100832B8A /* Debug */ = {
			isa = XCBuildConfiguration;
			buildSettings = {
				ALWAYS_SEARCH_USER_PATHS = NO;
				CLANG_ANALYZER_NONNULL = YES;
				CLANG_ANALYZER_NUMBER_OBJECT_CONVERSION = YES_AGGRESSIVE;
				CLANG_CXX_LANGUAGE_STANDARD = "gnu++0x";
				CLANG_CXX_LIBRARY = "libc++";
				CLANG_ENABLE_MODULES = YES;
				CLANG_ENABLE_OBJC_ARC = YES;
				CLANG_WARN_BOOL_CONVERSION = YES;
				CLANG_WARN_CONSTANT_CONVERSION = YES;
				CLANG_WARN_DIRECT_OBJC_ISA_USAGE = YES_ERROR;
				CLANG_WARN_DOCUMENTATION_COMMENTS = YES;
				CLANG_WARN_EMPTY_BODY = YES;
				CLANG_WARN_ENUM_CONVERSION = YES;
				CLANG_WARN_INFINITE_RECURSION = YES;
				CLANG_WARN_INT_CONVERSION = YES;
				CLANG_WARN_OBJC_ROOT_CLASS = YES_ERROR;
				CLANG_WARN_SUSPICIOUS_MOVE = YES;
				CLANG_WARN_UNREACHABLE_CODE = YES;
				CLANG_WARN__DUPLICATE_METHOD_MATCH = YES;
				"CODE_SIGN_IDENTITY[sdk=iphoneos*]" = "iPhone Developer";
				COPY_PHASE_STRIP = NO;
				DEBUG_INFORMATION_FORMAT = dwarf;
				ENABLE_STRICT_OBJC_MSGSEND = YES;
				ENABLE_TESTABILITY = YES;
				GCC_C_LANGUAGE_STANDARD = gnu99;
				GCC_DYNAMIC_NO_PIC = NO;
				GCC_NO_COMMON_BLOCKS = YES;
				GCC_OPTIMIZATION_LEVEL = 0;
				GCC_PREPROCESSOR_DEFINITIONS = (
					"DEBUG=1",
					"$(inherited)",
				);
				GCC_WARN_64_TO_32_BIT_CONVERSION = YES;
				GCC_WARN_ABOUT_RETURN_TYPE = YES_ERROR;
				GCC_WARN_UNDECLARED_SELECTOR = YES;
				GCC_WARN_UNINITIALIZED_AUTOS = YES_AGGRESSIVE;
				GCC_WARN_UNUSED_FUNCTION = YES;
				GCC_WARN_UNUSED_VARIABLE = YES;
				IPHONEOS_DEPLOYMENT_TARGET = 9.3;
				MTL_ENABLE_DEBUG_INFO = YES;
				ONLY_ACTIVE_ARCH = YES;
				SDKROOT = iphoneos;
				SWIFT_ACTIVE_COMPILATION_CONDITIONS = DEBUG;
				SWIFT_OPTIMIZATION_LEVEL = "-Onone";
				TARGETED_DEVICE_FAMILY = "1,2";
			};
			name = Debug;
		};
		6835A2DD1F07FE4100832B8A /* Release */ = {
			isa = XCBuildConfiguration;
			buildSettings = {
				ALWAYS_SEARCH_USER_PATHS = NO;
				CLANG_ANALYZER_NONNULL = YES;
				CLANG_ANALYZER_NUMBER_OBJECT_CONVERSION = YES_AGGRESSIVE;
				CLANG_CXX_LANGUAGE_STANDARD = "gnu++0x";
				CLANG_CXX_LIBRARY = "libc++";
				CLANG_ENABLE_MODULES = YES;
				CLANG_ENABLE_OBJC_ARC = YES;
				CLANG_WARN_BOOL_CONVERSION = YES;
				CLANG_WARN_CONSTANT_CONVERSION = YES;
				CLANG_WARN_DIRECT_OBJC_ISA_USAGE = YES_ERROR;
				CLANG_WARN_DOCUMENTATION_COMMENTS = YES;
				CLANG_WARN_EMPTY_BODY = YES;
				CLANG_WARN_ENUM_CONVERSION = YES;
				CLANG_WARN_INFINITE_RECURSION = YES;
				CLANG_WARN_INT_CONVERSION = YES;
				CLANG_WARN_OBJC_ROOT_CLASS = YES_ERROR;
				CLANG_WARN_SUSPICIOUS_MOVE = YES;
				CLANG_WARN_UNREACHABLE_CODE = YES;
				CLANG_WARN__DUPLICATE_METHOD_MATCH = YES;
				"CODE_SIGN_IDENTITY[sdk=iphoneos*]" = "iPhone Developer";
				COPY_PHASE_STRIP = NO;
				DEBUG_INFORMATION_FORMAT = "dwarf-with-dsym";
				ENABLE_NS_ASSERTIONS = NO;
				ENABLE_STRICT_OBJC_MSGSEND = YES;
				GCC_C_LANGUAGE_STANDARD = gnu99;
				GCC_NO_COMMON_BLOCKS = YES;
				GCC_WARN_64_TO_32_BIT_CONVERSION = YES;
				GCC_WARN_ABOUT_RETURN_TYPE = YES_ERROR;
				GCC_WARN_UNDECLARED_SELECTOR = YES;
				GCC_WARN_UNINITIALIZED_AUTOS = YES_AGGRESSIVE;
				GCC_WARN_UNUSED_FUNCTION = YES;
				GCC_WARN_UNUSED_VARIABLE = YES;
				IPHONEOS_DEPLOYMENT_TARGET = 9.3;
				MTL_ENABLE_DEBUG_INFO = NO;
				SDKROOT = iphoneos;
				SWIFT_OPTIMIZATION_LEVEL = "-Owholemodule";
				TARGETED_DEVICE_FAMILY = "1,2";
				VALIDATE_PRODUCT = YES;
			};
			name = Release;
		};
		6835A2DF1F07FE4100832B8A /* Debug */ = {
			isa = XCBuildConfiguration;
			buildSettings = {
				ASSETCATALOG_COMPILER_APPICON_NAME = AppIcon;
				INFOPLIST_FILE = SWTabBarSubclass/Info.plist;
				LD_RUNPATH_SEARCH_PATHS = "$(inherited) @executable_path/Frameworks";
				PRODUCT_BUNDLE_IDENTIFIER = com.DonMag.SWTabBarSubclass;
				PRODUCT_NAME = "$(TARGET_NAME)";
				SWIFT_VERSION = 3.0;
			};
			name = Debug;
		};
		6835A2E01F07FE4100832B8A /* Release */ = {
			isa = XCBuildConfiguration;
			buildSettings = {
				ASSETCATALOG_COMPILER_APPICON_NAME = AppIcon;
				INFOPLIST_FILE = SWTabBarSubclass/Info.plist;
				LD_RUNPATH_SEARCH_PATHS = "$(inherited) @executable_path/Frameworks";
				PRODUCT_BUNDLE_IDENTIFIER = com.DonMag.SWTabBarSubclass;
				PRODUCT_NAME = "$(TARGET_NAME)";
				SWIFT_VERSION = 3.0;
			};
			name = Release;
		};
/* End XCBuildConfiguration section */

/* Begin XCConfigurationList section */
		6835A2C51F07FE4100832B8A /* Build configuration list for PBXProject "SWTabBarSubclass" */ = {
			isa = XCConfigurationList;
			buildConfigurations = (
				6835A2DC1F07FE4100832B8A /* Debug */,
				6835A2DD1F07FE4100832B8A /* Release */,
			);
			defaultConfigurationIsVisible = 0;
			defaultConfigurationName = Release;
		};
		6835A2DE1F07FE4100832B8A /* Build configuration list for PBXNativeTarget "SWTabBarSubclass" */ = {
			isa = XCConfigurationList;
			buildConfigurations = (
				6835A2DF1F07FE4100832B8A /* Debug */,
				6835A2E01F07FE4100832B8A /* Release */,
			);
			defaultConfigurationIsVisible = 0;
			defaultConfigurationName = Release;
		};
/* End XCConfigurationList section */
	};
	rootObject = 6835A2C21F07FE4100832B8A /* Project object */;
}
